
Microsoft Visual Studio Solution File, Format Version 12.00
# Visual Studio Version 16
VisualStudioVersion = 16.0.30907.101
MinimumVisualStudioVersion = 10.0.40219.1
Project("{9A19103F-16F7-4668-BE54-9A1E7A4F7556}") = "ClassMetotDemo", "KampIntro Odevler\ClassMetotDemo.csproj", "{C6F40211-0B60-46F3-B545-E0037E81110C}"
EndProject
Project("{FAE04EC0-301F-11D3-BF4B-00C04F79EFBC}") = "Constructors", "Constructors\Constructors.csproj", "{022521C1-3ED2-4007-92AE-6D67FC30153C}"
EndProject
Project("{FAE04EC0-301F-11D3-BF4B-00C04F79EFBC}") = "Generics", "Generics\Generics.csproj", "{E1B32429-35CD-4FA1-9976-E58C99F99F39}"
EndProject
Global
	GlobalSection(SolutionConfigurationPlatforms) = preSolution
		Debug|Any CPU = Debug|Any CPU
		Release|Any CPU = Release|Any CPU
	EndGlobalSection
	GlobalSection(ProjectConfigurationPlatforms) = postSolution
		{C6F40211-0B60-46F3-B545-E0037E81110C}.Debug|Any CPU.ActiveCfg = Debug|Any CPU
		{C6F40211-0B60-46F3-B545-E0037E81110C}.Debug|Any CPU.Build.0 = Debug|Any CPU
		{C6F40211-0B60-46F3-B545-E0037E81110C}.Release|Any CPU.ActiveCfg = Release|Any CPU
		{C6F40211-0B60-46F3-B545-E0037E81110C}.Release|Any CPU.Build.0 = Release|Any CPU
		{022521C1-3ED2-4007-92AE-6D67FC30153C}.Debug|Any CPU.ActiveCfg = Debug|Any CPU
		{022521C1-3ED2-4007-92AE-6D67FC30153C}.Debug|Any CPU.Build.0 = Debug|Any CPU
		{022521C1-3ED2-4007-92AE-6D67FC30153C}.Release|Any CPU.ActiveCfg = Release|Any CPU
		{022521C1-3ED2-4007-92AE-6D67FC30153C}.Release|Any CPU.Build.0 = Release|Any CPU
		{E1B32429-35CD-4FA1-9976-E58C99F99F39}.Debug|Any CPU.ActiveCfg = Debug|Any CPU
		{E1B32429-35CD-4FA1-9976-E58C99F99F39}.Debug|Any CPU.Build.0 = Debug|Any CPU
		{E1B32429-35CD-4FA1-9976-E58C99F99F39}.Release|Any CPU.ActiveCfg = Release|Any CPU
		{E1B32429-35CD-4FA1-9976-E58C99F99F39}.Release|Any CPU.Build.0 = Release|Any CPU
	EndGlobalSection
	GlobalSection(SolutionProperties) = preSolution
		HideSolutionNode = FALSE
	EndGlobalSection
	GlobalSection(ExtensibilityGlobals) = postSolution
		SolutionGuid = {94A211F6-C19A-4A2B-9318-3F0B1E4298B3}
	EndGlobalSection
EndGlobal
